// !$*UTF8*$!
{
	archiveVersion = 1;
	classes = {
	};
	objectVersion = 48;
	objects = {

/* Begin PBXBuildFile section */
		3C75E0D11FF8096700BB0F3B /* Expense.swift in Sources */ = {isa = PBXBuildFile; fileRef = 3C75E0D01FF8096700BB0F3B /* Expense.swift */; };
		3C75E0D31FF80A9700BB0F3B /* AddExpenseView.swift in Sources */ = {isa = PBXBuildFile; fileRef = 3C75E0D21FF80A9700BB0F3B /* AddExpenseView.swift */; };
		3C75E0D71FF8310900BB0F3B /* ExpenseData.xcdatamodeld in Sources */ = {isa = PBXBuildFile; fileRef = 3C75E0D41FF82C4800BB0F3B /* ExpenseData.xcdatamodeld */; };
		3C75E0D91FF835F600BB0F3B /* PersistenceService.swift in Sources */ = {isa = PBXBuildFile; fileRef = 3C75E0D81FF835F600BB0F3B /* PersistenceService.swift */; };
		3CED83691FF6ED9E006D0D30 /* AppDelegate.swift in Sources */ = {isa = PBXBuildFile; fileRef = 3CED83681FF6ED9E006D0D30 /* AppDelegate.swift */; };
		3CED836B1FF6ED9E006D0D30 /* ViewController.swift in Sources */ = {isa = PBXBuildFile; fileRef = 3CED836A1FF6ED9E006D0D30 /* ViewController.swift */; };
		3CED836E1FF6ED9E006D0D30 /* Main.storyboard in Resources */ = {isa = PBXBuildFile; fileRef = 3CED836C1FF6ED9E006D0D30 /* Main.storyboard */; };
		3CED83701FF6ED9E006D0D30 /* Assets.xcassets in Resources */ = {isa = PBXBuildFile; fileRef = 3CED836F1FF6ED9E006D0D30 /* Assets.xcassets */; };
		3CED83731FF6ED9E006D0D30 /* LaunchScreen.storyboard in Resources */ = {isa = PBXBuildFile; fileRef = 3CED83711FF6ED9E006D0D30 /* LaunchScreen.storyboard */; };
/* End PBXBuildFile section */

/* Begin PBXFileReference section */
		3C75E0D01FF8096700BB0F3B /* Expense.swift */ = {isa = PBXFileReference; lastKnownFileType = sourcecode.swift; path = Expense.swift; sourceTree = "<group>"; xcLanguageSpecificationIdentifier = xcode.lang.simpleColoring; };
		3C75E0D21FF80A9700BB0F3B /* AddExpenseView.swift */ = {isa = PBXFileReference; lastKnownFileType = sourcecode.swift; path = AddExpenseView.swift; sourceTree = "<group>"; };
		3C75E0D51FF82C4800BB0F3B /* ExpenseData.xcdatamodel */ = {isa = PBXFileReference; lastKnownFileType = wrapper.xcdatamodel; path = ExpenseData.xcdatamodel; sourceTree = "<group>"; };
		3C75E0D81FF835F600BB0F3B /* PersistenceService.swift */ = {isa = PBXFileReference; lastKnownFileType = sourcecode.swift; path = PersistenceService.swift; sourceTree = "<group>"; };
		3CED83651FF6ED9E006D0D30 /* StudentSpends.app */ = {isa = PBXFileReference; explicitFileType = wrapper.application; includeInIndex = 0; path = StudentSpends.app; sourceTree = BUILT_PRODUCTS_DIR; };
		3CED83681FF6ED9E006D0D30 /* AppDelegate.swift */ = {isa = PBXFileReference; lastKnownFileType = sourcecode.swift; path = AppDelegate.swift; sourceTree = "<group>"; };
		3CED836A1FF6ED9E006D0D30 /* ViewController.swift */ = {isa = PBXFileReference; lastKnownFileType = sourcecode.swift; path = ViewController.swift; sourceTree = "<group>"; };
		3CED836D1FF6ED9E006D0D30 /* Base */ = {isa = PBXFileReference; lastKnownFileType = file.storyboard; name = Base; path = Base.lproj/Main.storyboard; sourceTree = "<group>"; };
		3CED836F1FF6ED9E006D0D30 /* Assets.xcassets */ = {isa = PBXFileReference; lastKnownFileType = folder.assetcatalog; path = Assets.xcassets; sourceTree = "<group>"; };
		3CED83721FF6ED9E006D0D30 /* Base */ = {isa = PBXFileReference; lastKnownFileType = file.storyboard; name = Base; path = Base.lproj/LaunchScreen.storyboard; sourceTree = "<group>"; };
		3CED83741FF6ED9E006D0D30 /* Info.plist */ = {isa = PBXFileReference; lastKnownFileType = text.plist.xml; path = Info.plist; sourceTree = "<group>"; };
/* End PBXFileReference section */

/* Begin PBXFrameworksBuildPhase section */
		3CED83621FF6ED9E006D0D30 /* Frameworks */ = {
			isa = PBXFrameworksBuildPhase;
			buildActionMask = 2147483647;
			files = (
			);
			runOnlyForDeploymentPostprocessing = 0;
		};
/* End PBXFrameworksBuildPhase section */

/* Begin PBXGroup section */
		3CED835C1FF6ED9E006D0D30 = {
			isa = PBXGroup;
			children = (
				3CED83671FF6ED9E006D0D30 /* StudentSpends */,
				3CED83661FF6ED9E006D0D30 /* Products */,
			);
			sourceTree = "<group>";
			usesTabs = 1;
		};
		3CED83661FF6ED9E006D0D30 /* Products */ = {
			isa = PBXGroup;
			children = (
				3CED83651FF6ED9E006D0D30 /* StudentSpends.app */,
			);
			name = Products;
			sourceTree = "<group>";
		};
		3CED83671FF6ED9E006D0D30 /* StudentSpends */ = {
			isa = PBXGroup;
			children = (
				3CED83681FF6ED9E006D0D30 /* AppDelegate.swift */,
				3C75E0D81FF835F600BB0F3B /* PersistenceService.swift */,
				3C75E0D41FF82C4800BB0F3B /* ExpenseData.xcdatamodeld */,
				3CED836A1FF6ED9E006D0D30 /* ViewController.swift */,
				3C75E0D21FF80A9700BB0F3B /* AddExpenseView.swift */,
				3C75E0D01FF8096700BB0F3B /* Expense.swift */,
				3CED836C1FF6ED9E006D0D30 /* Main.storyboard */,
				3CED836F1FF6ED9E006D0D30 /* Assets.xcassets */,
				3CED83711FF6ED9E006D0D30 /* LaunchScreen.storyboard */,
				3CED83741FF6ED9E006D0D30 /* Info.plist */,
			);
			path = StudentSpends;
			sourceTree = "<group>";
		};
/* End PBXGroup section */

/* Begin PBXNativeTarget section */
		3CED83641FF6ED9E006D0D30 /* StudentSpends */ = {
			isa = PBXNativeTarget;
			buildConfigurationList = 3CED83771FF6ED9E006D0D30 /* Build configuration list for PBXNativeTarget "StudentSpends" */;
			buildPhases = (
				3CED83611FF6ED9E006D0D30 /* Sources */,
				3CED83621FF6ED9E006D0D30 /* Frameworks */,
				3CED83631FF6ED9E006D0D30 /* Resources */,
			);
			buildRules = (
			);
			dependencies = (
			);
			name = StudentSpends;
			productName = StudentSpends;
			productReference = 3CED83651FF6ED9E006D0D30 /* StudentSpends.app */;
			productType = "com.apple.product-type.application";
		};
/* End PBXNativeTarget section */

/* Begin PBXProject section */
		3CED835D1FF6ED9E006D0D30 /* Project object */ = {
			isa = PBXProject;
			attributes = {
				LastSwiftUpdateCheck = 0920;
				LastUpgradeCheck = 0920;
				ORGANIZATIONNAME = ribsthak;
				TargetAttributes = {
					3CED83641FF6ED9E006D0D30 = {
						CreatedOnToolsVersion = 9.2;
						ProvisioningStyle = Automatic;
					};
				};
			};
			buildConfigurationList = 3CED83601FF6ED9E006D0D30 /* Build configuration list for PBXProject "StudentSpends" */;
			compatibilityVersion = "Xcode 8.0";
			developmentRegion = en;
			hasScannedForEncodings = 0;
			knownRegions = (
				en,
				Base,
			);
			mainGroup = 3CED835C1FF6ED9E006D0D30;
			productRefGroup = 3CED83661FF6ED9E006D0D30 /* Products */;
			projectDirPath = "";
			projectRoot = "";
			targets = (
				3CED83641FF6ED9E006D0D30 /* StudentSpends */,
			);
		};
/* End PBXProject section */

/* Begin PBXResourcesBuildPhase section */
		3CED83631FF6ED9E006D0D30 /* Resources */ = {
			isa = PBXResourcesBuildPhase;
			buildActionMask = 2147483647;
			files = (
				3CED83731FF6ED9E006D0D30 /* LaunchScreen.storyboard in Resources */,
				3CED83701FF6ED9E006D0D30 /* Assets.xcassets in Resources */,
				3CED836E1FF6ED9E006D0D30 /* Main.storyboard in Resources */,
			);
			runOnlyForDeploymentPostprocessing = 0;
		};
/* End PBXResourcesBuildPhase section */

/* Begin PBXSourcesBuildPhase section */
		3CED83611FF6ED9E006D0D30 /* Sources */ = {
			isa = PBXSourcesBuildPhase;
			buildActionMask = 2147483647;
			files = (
				3C75E0D11FF8096700BB0F3B /* Expense.swift in Sources */,
				3C75E0D71FF8310900BB0F3B /* ExpenseData.xcdatamodeld in Sources */,
				3CED836B1FF6ED9E006D0D30 /* ViewController.swift in Sources */,
				3CED83691FF6ED9E006D0D30 /* AppDelegate.swift in Sources */,
				3C75E0D31FF80A9700BB0F3B /* AddExpenseView.swift in Sources */,
				3C75E0D91FF835F600BB0F3B /* PersistenceService.swift in Sources */,
			);
			runOnlyForDeploymentPostprocessing = 0;
		};
/* End PBXSourcesBuildPhase section */

/* Begin PBXVariantGroup section */
		3CED836C1FF6ED9E006D0D30 /* Main.storyboard */ = {
			isa = PBXVariantGroup;
			children = (
				3CED836D1FF6ED9E006D0D30 /* Base */,
			);
			name = Main.storyboard;
			sourceTree = "<group>";
		};
		3CED83711FF6ED9E006D0D30 /* LaunchScreen.storyboard */ = {
			isa = PBXVariantGroup;
			children = (
				3CED83721FF6ED9E006D0D30 /* Base */,
			);
			name = LaunchScreen.storyboard;
			sourceTree = "<group>";
		};
/* End PBXVariantGroup section */

/* Begin XCBuildConfiguration section */
		3CED83751FF6ED9E006D0D30 /* Debug */ = {
			isa = XCBuildConfiguration;
			buildSettings = {
				ALWAYS_SEARCH_USER_PATHS = NO;
				CLANG_ANALYZER_NONNULL = YES;
				CLANG_ANALYZER_NUMBER_OBJECT_CONVERSION = YES_AGGRESSIVE;
				CLANG_CXX_LANGUAGE_STANDARD = "gnu++14";
				CLANG_CXX_LIBRARY = "libc++";
				CLANG_ENABLE_MODULES = YES;
				CLANG_ENABLE_OBJC_ARC = YES;
				CLANG_WARN_BLOCK_CAPTURE_AUTORELEASING = YES;
				CLANG_WARN_BOOL_CONVERSION = YES;
				CLANG_WARN_COMMA = YES;
				CLANG_WARN_CONSTANT_CONVERSION = YES;
				CLANG_WARN_DIRECT_OBJC_ISA_USAGE = YES_ERROR;
				CLANG_WARN_DOCUMENTATION_COMMENTS = YES;
				CLANG_WARN_EMPTY_BODY = YES;
				CLANG_WARN_ENUM_CONVERSION = YES;
				CLANG_WARN_INFINITE_RECURSION = YES;
				CLANG_WARN_INT_CONVERSION = YES;
				CLANG_WARN_NON_LITERAL_NULL_CONVERSION = YES;
				CLANG_WARN_OBJC_LITERAL_CONVERSION = YES;
				CLANG_WARN_OBJC_ROOT_CLASS = YES_ERROR;
				CLANG_WARN_RANGE_LOOP_ANALYSIS = YES;
				CLANG_WARN_STRICT_PROTOTYPES = YES;
				CLANG_WARN_SUSPICIOUS_MOVE = YES;
				CLANG_WARN_UNGUARDED_AVAILABILITY = YES_AGGRESSIVE;
				CLANG_WARN_UNREACHABLE_CODE = YES;
				CLANG_WARN__DUPLICATE_METHOD_MATCH = YES;
				CODE_SIGN_IDENTITY = "iPhone Developer";
				COPY_PHASE_STRIP = NO;
				DEBUG_INFORMATION_FORMAT = dwarf;
				ENABLE_STRICT_OBJC_MSGSEND = YES;
				ENABLE_TESTABILITY = YES;
				GCC_C_LANGUAGE_STANDARD = gnu11;
				GCC_DYNAMIC_NO_PIC = NO;
				GCC_NO_COMMON_BLOCKS = YES;
				GCC_OPTIMIZATION_LEVEL = 0;
				GCC_PREPROCESSOR_DEFINITIONS = (
					"DEBUG=1",
					"$(inherited)",
				);
				GCC_WARN_64_TO_32_BIT_CONVERSION = YES;
				GCC_WARN_ABOUT_RETURN_TYPE = YES_ERROR;
				GCC_WARN_UNDECLARED_SELECTOR = YES;
				GCC_WARN_UNINITIALIZED_AUTOS = YES_AGGRESSIVE;
				GCC_WARN_UNUSED_FUNCTION = YES;
				GCC_WARN_UNUSED_VARIABLE = YES;
				IPHONEOS_DEPLOYMENT_TARGET = 11.2;
				MTL_ENABLE_DEBUG_INFO = YES;
				ONLY_ACTIVE_ARCH = YES;
				SDKROOT = iphoneos;
				SWIFT_ACTIVE_COMPILATION_CONDITIONS = DEBUG;
				SWIFT_OPTIMIZATION_LEVEL = "-Onone";
			};
			name = Debug;
		};
		3CED83761FF6ED9E006D0D30 /* Release */ = {
			isa = XCBuildConfiguration;
			buildSettings = {
				ALWAYS_SEARCH_USER_PATHS = NO;
				CLANG_ANALYZER_NONNULL = YES;
				CLANG_ANALYZER_NUMBER_OBJECT_CONVERSION = YES_AGGRESSIVE;
				CLANG_CXX_LANGUAGE_STANDARD = "gnu++14";
				CLANG_CXX_LIBRARY = "libc++";
				CLANG_ENABLE_MODULES = YES;
				CLANG_ENABLE_OBJC_ARC = YES;
				CLANG_WARN_BLOCK_CAPTURE_AUTORELEASING = YES;
				CLANG_WARN_BOOL_CONVERSION = YES;
				CLANG_WARN_COMMA = YES;
				CLANG_WARN_CONSTANT_CONVERSION = YES;
				CLANG_WARN_DIRECT_OBJC_ISA_USAGE = YES_ERROR;
				CLANG_WARN_DOCUMENTATION_COMMENTS = YES;
				CLANG_WARN_EMPTY_BODY = YES;
				CLANG_WARN_ENUM_CONVERSION = YES;
				CLANG_WARN_INFINITE_RECURSION = YES;
				CLANG_WARN_INT_CONVERSION = YES;
				CLANG_WARN_NON_LITERAL_NULL_CONVERSION = YES;
				CLANG_WARN_OBJC_LITERAL_CONVERSION = YES;
				CLANG_WARN_OBJC_ROOT_CLASS = YES_ERROR;
				CLANG_WARN_RANGE_LOOP_ANALYSIS = YES;
				CLANG_WARN_STRICT_PROTOTYPES = YES;
				CLANG_WARN_SUSPICIOUS_MOVE = YES;
				CLANG_WARN_UNGUARDED_AVAILABILITY = YES_AGGRESSIVE;
				CLANG_WARN_UNREACHABLE_CODE = YES;
				CLANG_WARN__DUPLICATE_METHOD_MATCH = YES;
				CODE_SIGN_IDENTITY = "iPhone Developer";
				COPY_PHASE_STRIP = NO;
				DEBUG_INFORMATION_FORMAT = "dwarf-with-dsym";
				ENABLE_NS_ASSERTIONS = NO;
				ENABLE_STRICT_OBJC_MSGSEND = YES;
				GCC_C_LANGUAGE_STANDARD = gnu11;
				GCC_NO_COMMON_BLOCKS = YES;
				GCC_WARN_64_TO_32_BIT_CONVERSION = YES;
				GCC_WARN_ABOUT_RETURN_TYPE = YES_ERROR;
				GCC_WARN_UNDECLARED_SELECTOR = YES;
				GCC_WARN_UNINITIALIZED_AUTOS = YES_AGGRESSIVE;
				GCC_WARN_UNUSED_FUNCTION = YES;
				GCC_WARN_UNUSED_VARIABLE = YES;
				IPHONEOS_DEPLOYMENT_TARGET = 11.2;
				MTL_ENABLE_DEBUG_INFO = NO;
				SDKROOT = iphoneos;
				SWIFT_OPTIMIZATION_LEVEL = "-Owholemodule";
				VALIDATE_PRODUCT = YES;
			};
			name = Release;
		};
		3CED83781FF6ED9E006D0D30 /* Debug */ = {
			isa = XCBuildConfiguration;
			buildSettings = {
				ASSETCATALOG_COMPILER_APPICON_NAME = AppIcon;
				CODE_SIGN_STYLE = Automatic;
				INFOPLIST_FILE = StudentSpends/Info.plist;
				LD_RUNPATH_SEARCH_PATHS = "$(inherited) @executable_path/Frameworks";
				PRODUCT_BUNDLE_IDENTIFIER = com.ribsthak.StudentSpends;
				PRODUCT_NAME = "$(TARGET_NAME)";
				SWIFT_VERSION = 4.0;
				TARGETED_DEVICE_FAMILY = "1,2";
			};
			name = Debug;
		};
		3CED83791FF6ED9E006D0D30 /* Release */ = {
			isa = XCBuildConfiguration;
			buildSettings = {
				ASSETCATALOG_COMPILER_APPICON_NAME = AppIcon;
				CODE_SIGN_STYLE = Automatic;
				INFOPLIST_FILE = StudentSpends/Info.plist;
				LD_RUNPATH_SEARCH_PATHS = "$(inherited) @executable_path/Frameworks";
				PRODUCT_BUNDLE_IDENTIFIER = com.ribsthak.StudentSpends;
				PRODUCT_NAME = "$(TARGET_NAME)";
				SWIFT_VERSION = 4.0;
				TARGETED_DEVICE_FAMILY = "1,2";
			};
			name = Release;
		};
/* End XCBuildConfiguration section */

/* Begin XCConfigurationList section */
		3CED83601FF6ED9E006D0D30 /* Build configuration list for PBXProject "StudentSpends" */ = {
			isa = XCConfigurationList;
			buildConfigurations = (
				3CED83751FF6ED9E006D0D30 /* Debug */,
				3CED83761FF6ED9E006D0D30 /* Release */,
			);
			defaultConfigurationIsVisible = 0;
			defaultConfigurationName = Release;
		};
		3CED83771FF6ED9E006D0D30 /* Build configuration list for PBXNativeTarget "StudentSpends" */ = {
			isa = XCConfigurationList;
			buildConfigurations = (
				3CED83781FF6ED9E006D0D30 /* Debug */,
				3CED83791FF6ED9E006D0D30 /* Release */,
			);
			defaultConfigurationIsVisible = 0;
			defaultConfigurationName = Release;
		};
/* End XCConfigurationList section */

/* Begin XCVersionGroup section */
		3C75E0D41FF82C4800BB0F3B /* ExpenseData.xcdatamodeld */ = {
			isa = XCVersionGroup;
			children = (
				3C75E0D51FF82C4800BB0F3B /* ExpenseData.xcdatamodel */,
			);
			currentVersion = 3C75E0D51FF82C4800BB0F3B /* ExpenseData.xcdatamodel */;
			path = ExpenseData.xcdatamodeld;
			sourceTree = "<group>";
			versionGroupType = wrapper.xcdatamodel;
		};
/* End XCVersionGroup section */
	};
	rootObject = 3CED835D1FF6ED9E006D0D30 /* Project object */;
}
